{
  "nodes": {
    "boot-club": {
      "inputs": {
        "nixpkgs": [
          "nixpkgs"
        ],
        "utils": [
          "utils"
        ]
      },
      "locked": {
        "lastModified": 1763725697,
        "narHash": "sha256-p+F4Ig/a4pJhQ9nkvzX+CG+YhpJ8B+8wnIrznOl97tA=",
        "owner": "NewDawn0",
        "repo": "boot-club",
        "rev": "a5a6c2199e4b935ee6cce01441ee53c280bc9705",
        "type": "github"
      },
      "original": {
        "owner": "NewDawn0",
        "repo": "boot-club",
        "type": "github"
      }
    },
    "devShells": {
      "inputs": {
        "nixpkgs": [
          "nixpkgs"
        ],
        "utils": [
          "utils"
        ]
      },
      "locked": {
        "lastModified": 1763725610,
        "narHash": "sha256-R3IV2zgmWFH7J0vkyy1mAELfP6V/kSn+dZ9s3rs0TWE=",
        "owner": "NewDawn0",
        "repo": "devShells.nix",
        "rev": "4258a3c5d17aa6cf24fae4a15ae5ab37daa147c1",
        "type": "github"
      },
      "original": {
        "owner": "NewDawn0",
        "repo": "devShells.nix",
        "type": "github"
      }
    },
    "disko": {
      "inputs": {
        "nixpkgs": [
          "nixpkgs"
        ]
      },
      "locked": {
        "lastModified": 1764110879,
        "narHash": "sha256-xanUzIb0tf3kJ+PoOFmXEXV1jM3PjkDT/TQ5DYeNYRc=",
        "owner": "nix-community",
        "repo": "disko",
        "rev": "aecba248f9a7d68c5d1ed15de2d1c8a4c994a3c5",
        "type": "github"
      },
      "original": {
        "owner": "nix-community",
        "repo": "disko",
        "type": "github"
      }
    },
    "flatpak": {
      "locked": {
        "lastModified": 1754777568,
        "narHash": "sha256-0bBqT+3XncgF8F03RFAamw9vdf0VmaDoIJLTGkjfQZs=",
        "owner": "gmodena",
        "repo": "nix-flatpak",
        "rev": "62f636b87ef6050760a8cb325cadb90674d1e23e",
        "type": "github"
      },
      "original": {
        "owner": "gmodena",
        "repo": "nix-flatpak",
        "type": "github"
      }
    },
    "nix-systems": {
      "locked": {
        "lastModified": 1681028828,
        "narHash": "sha256-Vy1rq5AaRuLzOxct8nz4T6wlgyUR7zLU309k9mBC768=",
        "owner": "nix-systems",
        "repo": "default",
        "rev": "da67096a3b9bf56a91d16901293e51ba5b49a27e",
        "type": "github"
      },
      "original": {
        "owner": "nix-systems",
        "repo": "default",
        "type": "github"
      }
    },
    "nixpkgs": {
      "locked": {
        "lastModified": 1748026580,
        "narHash": "sha256-rWtXrcIzU5wm/C8F9LWvUfBGu5U5E7cFzPYT1pHIJaQ=",
        "owner": "nixos",
        "repo": "nixpkgs",
        "rev": "11cb3517b3af6af300dd6c055aeda73c9bf52c48",
        "type": "github"
      },
      "original": {
        "owner": "nixos",
        "ref": "25.05",
        "repo": "nixpkgs",
        "type": "github"
      }
    },
    "nixpkgs-unstable": {
      "locked": {
        "lastModified": 1764167966,
        "narHash": "sha256-nXv6xb7cq+XpjBYIjWEGTLCqQetxJu6zvVlrqHMsCOA=",
        "owner": "nixos",
        "repo": "nixpkgs",
        "rev": "5c46f3bd98147c8d82366df95bbef2cab3a967ea",
        "type": "github"
      },
      "original": {
        "owner": "nixos",
        "ref": "nixpkgs-unstable",
        "repo": "nixpkgs",
        "type": "github"
      }
    },
    "nvim-configured": {
      "inputs": {
        "nixpkgs": [
          "nixpkgs"
        ],
        "pmm-nvim": "pmm-nvim",
        "utils": "utils"
      },
      "locked": {
        "lastModified": 1764080796,
        "narHash": "sha256-BOXqlYEPwgoNa2yvIzeN0T3nRn51JegC5qgQW7Zgb4c=",
        "path": "/home/dawn/GitHub/nvim",
        "type": "path"
      },
      "original": {
        "path": "/home/dawn/GitHub/nvim",
        "type": "path"
      }
    },
    "pmm-nvim": {
      "inputs": {
        "nixpkgs": [
          "nvim-configured",
          "nixpkgs"
        ],
        "utils": [
          "nvim-configured",
          "utils"
        ]
      },
      "locked": {
        "lastModified": 1760549017,
        "narHash": "sha256-xYkzd6cfJvOI6QOv3rNi7jEa4JD1fvYBe+o6z/p49GM=",
        "path": "/home/dawn/GitHub/shitbox/pmm-re",
        "type": "path"
      },
      "original": {
        "path": "/home/dawn/GitHub/shitbox/pmm-re",
        "type": "path"
      }
    },
    "root": {
      "inputs": {
        "boot-club": "boot-club",
        "devShells": "devShells",
        "disko": "disko",
        "flatpak": "flatpak",
        "nixpkgs": "nixpkgs",
        "nixpkgs-unstable": "nixpkgs-unstable",
        "nvim-configured": "nvim-configured",
        "utils": "utils_2"
      }
    },
    "utils": {
      "inputs": {
        "nix-systems": "nix-systems",
        "nixpkgs": [
          "nvim-configured",
          "nixpkgs"
        ]
      },
      "locked": {
        "lastModified": 1748414487,
        "narHash": "sha256-fMYIyxKcCC9XgbehjwxmVCpMoH+b/vTJy5Vxi7jbPPw=",
        "owner": "NewDawn0",
        "repo": "nixUtils",
        "rev": "78c6813c5cd70baabf379960d676330d5bfa0c25",
        "type": "github"
      },
      "original": {
        "owner": "NewDawn0",
        "repo": "nixUtils",
        "type": "github"
      }
    },
    "utils_2": {
      "inputs": {
        "nixpkgs": [
          "nixpkgs"
        ]
      },
      "locked": {
        "lastModified": 1763725479,
        "narHash": "sha256-XjcCqj5JRocThzDBuuxJDksh1lOZptsU9248yM8Aq5A=",
        "owner": "NewDawn0",
        "repo": "nixUtils",
        "rev": "4e27f73a15a1881bd28670cf907c693d24ece350",
        "type": "github"
      },
      "original": {
        "owner": "NewDawn0",
        "repo": "nixUtils",
        "type": "github"
      }
    }
  },
  "root": "root",
  "version": 7
}
